// !$*UTF8*$!
{
	archiveVersion = 1;
	classes = {
	};
	objectVersion = 56;
	objects = {

/* Begin PBXBuildFile section */
		079253FD2995A705002F0C74 /* AppDelegate.swift in Sources */ = {isa = PBXBuildFile; fileRef = 079253FC2995A705002F0C74 /* AppDelegate.swift */; };
		079253FF2995A705002F0C74 /* ViewController.swift in Sources */ = {isa = PBXBuildFile; fileRef = 079253FE2995A705002F0C74 /* ViewController.swift */; };
		079254012995A706002F0C74 /* Assets.xcassets in Resources */ = {isa = PBXBuildFile; fileRef = 079254002995A706002F0C74 /* Assets.xcassets */; };
		079254042995A706002F0C74 /* Main.storyboard in Resources */ = {isa = PBXBuildFile; fileRef = 079254022995A706002F0C74 /* Main.storyboard */; };
		079254122995A8BF002F0C74 /* Fact.swift in Sources */ = {isa = PBXBuildFile; fileRef = 079254112995A8BF002F0C74 /* Fact.swift */; };
		079254142995A8DB002F0C74 /* main.swift in Sources */ = {isa = PBXBuildFile; fileRef = 079254132995A8DB002F0C74 /* main.swift */; };
		079254162995A8F9002F0C74 /* WebService.swift in Sources */ = {isa = PBXBuildFile; fileRef = 079254152995A8F9002F0C74 /* WebService.swift */; };
/* End PBXBuildFile section */

/* Begin PBXFileReference section */
		079253F92995A705002F0C74 /* ViewCodeAppKit.app */ = {isa = PBXFileReference; explicitFileType = wrapper.application; includeInIndex = 0; path = ViewCodeAppKit.app; sourceTree = BUILT_PRODUCTS_DIR; };
		079253FC2995A705002F0C74 /* AppDelegate.swift */ = {isa = PBXFileReference; lastKnownFileType = sourcecode.swift; path = AppDelegate.swift; sourceTree = "<group>"; };
		079253FE2995A705002F0C74 /* ViewController.swift */ = {isa = PBXFileReference; lastKnownFileType = sourcecode.swift; path = ViewController.swift; sourceTree = "<group>"; };
		079254002995A706002F0C74 /* Assets.xcassets */ = {isa = PBXFileReference; lastKnownFileType = folder.assetcatalog; path = Assets.xcassets; sourceTree = "<group>"; };
		079254032995A706002F0C74 /* Base */ = {isa = PBXFileReference; lastKnownFileType = file.storyboard; name = Base; path = Base.lproj/Main.storyboard; sourceTree = "<group>"; };
		079254052995A706002F0C74 /* ViewCodeAppKit.entitlements */ = {isa = PBXFileReference; lastKnownFileType = text.plist.entitlements; path = ViewCodeAppKit.entitlements; sourceTree = "<group>"; };
		079254112995A8BF002F0C74 /* Fact.swift */ = {isa = PBXFileReference; lastKnownFileType = sourcecode.swift; path = Fact.swift; sourceTree = "<group>"; };
		079254132995A8DB002F0C74 /* main.swift */ = {isa = PBXFileReference; lastKnownFileType = sourcecode.swift; path = main.swift; sourceTree = "<group>"; };
		079254152995A8F9002F0C74 /* WebService.swift */ = {isa = PBXFileReference; lastKnownFileType = sourcecode.swift; path = WebService.swift; sourceTree = "<group>"; };
/* End PBXFileReference section */

/* Begin PBXFrameworksBuildPhase section */
		079253F62995A705002F0C74 /* Frameworks */ = {
			isa = PBXFrameworksBuildPhase;
			buildActionMask = 2147483647;
			files = (
			);
			runOnlyForDeploymentPostprocessing = 0;
		};
/* End PBXFrameworksBuildPhase section */

/* Begin PBXGroup section */
		079253F02995A705002F0C74 = {
			isa = PBXGroup;
			children = (
				079253FB2995A705002F0C74 /* ViewCodeAppKit */,
				079253FA2995A705002F0C74 /* Products */,
			);
			sourceTree = "<group>";
		};
		079253FA2995A705002F0C74 /* Products */ = {
			isa = PBXGroup;
			children = (
				079253F92995A705002F0C74 /* ViewCodeAppKit.app */,
			);
			name = Products;
			sourceTree = "<group>";
		};
		079253FB2995A705002F0C74 /* ViewCodeAppKit */ = {
			isa = PBXGroup;
			children = (
				079253FC2995A705002F0C74 /* AppDelegate.swift */,
				079253FE2995A705002F0C74 /* ViewController.swift */,
				079254002995A706002F0C74 /* Assets.xcassets */,
				079254022995A706002F0C74 /* Main.storyboard */,
				079254052995A706002F0C74 /* ViewCodeAppKit.entitlements */,
				079254112995A8BF002F0C74 /* Fact.swift */,
				079254132995A8DB002F0C74 /* main.swift */,
				079254152995A8F9002F0C74 /* WebService.swift */,
			);
			path = ViewCodeAppKit;
			sourceTree = "<group>";
		};
/* End PBXGroup section */

/* Begin PBXNativeTarget section */
		079253F82995A705002F0C74 /* ViewCodeAppKit */ = {
			isa = PBXNativeTarget;
			buildConfigurationList = 079254082995A706002F0C74 /* Build configuration list for PBXNativeTarget "ViewCodeAppKit" */;
			buildPhases = (
				079253F52995A705002F0C74 /* Sources */,
				079253F62995A705002F0C74 /* Frameworks */,
				079253F72995A705002F0C74 /* Resources */,
			);
			buildRules = (
			);
			dependencies = (
			);
			name = ViewCodeAppKit;
			productName = ViewCodeAppKit;
			productReference = 079253F92995A705002F0C74 /* ViewCodeAppKit.app */;
			productType = "com.apple.product-type.application";
		};
/* End PBXNativeTarget section */

/* Begin PBXProject section */
		079253F12995A705002F0C74 /* Project object */ = {
			isa = PBXProject;
			attributes = {
				BuildIndependentTargetsInParallel = 1;
				LastSwiftUpdateCheck = 1420;
				LastUpgradeCheck = 1420;
				TargetAttributes = {
					079253F82995A705002F0C74 = {
						CreatedOnToolsVersion = 14.2;
					};
				};
			};
			buildConfigurationList = 079253F42995A705002F0C74 /* Build configuration list for PBXProject "ViewCodeAppKit" */;
			compatibilityVersion = "Xcode 14.0";
			developmentRegion = en;
			hasScannedForEncodings = 0;
			knownRegions = (
				en,
				Base,
			);
			mainGroup = 079253F02995A705002F0C74;
			productRefGroup = 079253FA2995A705002F0C74 /* Products */;
			projectDirPath = "";
			projectRoot = "";
			targets = (
				079253F82995A705002F0C74 /* ViewCodeAppKit */,
			);
		};
/* End PBXProject section */

/* Begin PBXResourcesBuildPhase section */
		079253F72995A705002F0C74 /* Resources */ = {
			isa = PBXResourcesBuildPhase;
			buildActionMask = 2147483647;
			files = (
				079254012995A706002F0C74 /* Assets.xcassets in Resources */,
				079254042995A706002F0C74 /* Main.storyboard in Resources */,
			);
			runOnlyForDeploymentPostprocessing = 0;
		};
/* End PBXResourcesBuildPhase section */

/* Begin PBXSourcesBuildPhase section */
		079253F52995A705002F0C74 /* Sources */ = {
			isa = PBXSourcesBuildPhase;
			buildActionMask = 2147483647;
			files = (
				079254162995A8F9002F0C74 /* WebService.swift in Sources */,
				079254122995A8BF002F0C74 /* Fact.swift in Sources */,
				079253FF2995A705002F0C74 /* ViewController.swift in Sources */,
				079254142995A8DB002F0C74 /* main.swift in Sources */,
				079253FD2995A705002F0C74 /* AppDelegate.swift in Sources */,
			);
			runOnlyForDeploymentPostprocessing = 0;
		};
/* End PBXSourcesBuildPhase section */

/* Begin PBXVariantGroup section */
		079254022995A706002F0C74 /* Main.storyboard */ = {
			isa = PBXVariantGroup;
			children = (
				079254032995A706002F0C74 /* Base */,
			);
			name = Main.storyboard;
			sourceTree = "<group>";
		};
/* End PBXVariantGroup section */

/* Begin XCBuildConfiguration section */
		079254062995A706002F0C74 /* Debug */ = {
			isa = XCBuildConfiguration;
			buildSettings = {
				ALWAYS_SEARCH_USER_PATHS = NO;
				CLANG_ANALYZER_NONNULL = YES;
				CLANG_ANALYZER_NUMBER_OBJECT_CONVERSION = YES_AGGRESSIVE;
				CLANG_CXX_LANGUAGE_STANDARD = "gnu++20";
				CLANG_ENABLE_MODULES = YES;
				CLANG_ENABLE_OBJC_ARC = YES;
				CLANG_ENABLE_OBJC_WEAK = YES;
				CLANG_WARN_BLOCK_CAPTURE_AUTORELEASING = YES;
				CLANG_WARN_BOOL_CONVERSION = YES;
				CLANG_WARN_COMMA = YES;
				CLANG_WARN_CONSTANT_CONVERSION = YES;
				CLANG_WARN_DEPRECATED_OBJC_IMPLEMENTATIONS = YES;
				CLANG_WARN_DIRECT_OBJC_ISA_USAGE = YES_ERROR;
				CLANG_WARN_DOCUMENTATION_COMMENTS = YES;
				CLANG_WARN_EMPTY_BODY = YES;
				CLANG_WARN_ENUM_CONVERSION = YES;
				CLANG_WARN_INFINITE_RECURSION = YES;
				CLANG_WARN_INT_CONVERSION = YES;
				CLANG_WARN_NON_LITERAL_NULL_CONVERSION = YES;
				CLANG_WARN_OBJC_IMPLICIT_RETAIN_SELF = YES;
				CLANG_WARN_OBJC_LITERAL_CONVERSION = YES;
				CLANG_WARN_OBJC_ROOT_CLASS = YES_ERROR;
				CLANG_WARN_QUOTED_INCLUDE_IN_FRAMEWORK_HEADER = YES;
				CLANG_WARN_RANGE_LOOP_ANALYSIS = YES;
				CLANG_WARN_STRICT_PROTOTYPES = YES;
				CLANG_WARN_SUSPICIOUS_MOVE = YES;
				CLANG_WARN_UNGUARDED_AVAILABILITY = YES_AGGRESSIVE;
				CLANG_WARN_UNREACHABLE_CODE = YES;
				CLANG_WARN__DUPLICATE_METHOD_MATCH = YES;
				COPY_PHASE_STRIP = NO;
				DEBUG_INFORMATION_FORMAT = dwarf;
				ENABLE_STRICT_OBJC_MSGSEND = YES;
				ENABLE_TESTABILITY = YES;
				GCC_C_LANGUAGE_STANDARD = gnu11;
				GCC_DYNAMIC_NO_PIC = NO;
				GCC_NO_COMMON_BLOCKS = YES;
				GCC_OPTIMIZATION_LEVEL = 0;
				GCC_PREPROCESSOR_DEFINITIONS = (
					"DEBUG=1",
					"$(inherited)",
				);
				GCC_WARN_64_TO_32_BIT_CONVERSION = YES;
				GCC_WARN_ABOUT_RETURN_TYPE = YES_ERROR;
				GCC_WARN_UNDECLARED_SELECTOR = YES;
				GCC_WARN_UNINITIALIZED_AUTOS = YES_AGGRESSIVE;
				GCC_WARN_UNUSED_FUNCTION = YES;
				GCC_WARN_UNUSED_VARIABLE = YES;
				MACOSX_DEPLOYMENT_TARGET = 13.1;
				MTL_ENABLE_DEBUG_INFO = INCLUDE_SOURCE;
				MTL_FAST_MATH = YES;
				ONLY_ACTIVE_ARCH = YES;
				SDKROOT = macosx;
				SWIFT_ACTIVE_COMPILATION_CONDITIONS = DEBUG;
				SWIFT_OPTIMIZATION_LEVEL = "-Onone";
			};
			name = Debug;
		};
		079254072995A706002F0C74 /* Release */ = {
			isa = XCBuildConfiguration;
			buildSettings = {
				ALWAYS_SEARCH_USER_PATHS = NO;
				CLANG_ANALYZER_NONNULL = YES;
				CLANG_ANALYZER_NUMBER_OBJECT_CONVERSION = YES_AGGRESSIVE;
				CLANG_CXX_LANGUAGE_STANDARD = "gnu++20";
				CLANG_ENABLE_MODULES = YES;
				CLANG_ENABLE_OBJC_ARC = YES;
				CLANG_ENABLE_OBJC_WEAK = YES;
				CLANG_WARN_BLOCK_CAPTURE_AUTORELEASING = YES;
				CLANG_WARN_BOOL_CONVERSION = YES;
				CLANG_WARN_COMMA = YES;
				CLANG_WARN_CONSTANT_CONVERSION = YES;
				CLANG_WARN_DEPRECATED_OBJC_IMPLEMENTATIONS = YES;
				CLANG_WARN_DIRECT_OBJC_ISA_USAGE = YES_ERROR;
				CLANG_WARN_DOCUMENTATION_COMMENTS = YES;
				CLANG_WARN_EMPTY_BODY = YES;
				CLANG_WARN_ENUM_CONVERSION = YES;
				CLANG_WARN_INFINITE_RECURSION = YES;
				CLANG_WARN_INT_CONVERSION = YES;
				CLANG_WARN_NON_LITERAL_NULL_CONVERSION = YES;
				CLANG_WARN_OBJC_IMPLICIT_RETAIN_SELF = YES;
				CLANG_WARN_OBJC_LITERAL_CONVERSION = YES;
				CLANG_WARN_OBJC_ROOT_CLASS = YES_ERROR;
				CLANG_WARN_QUOTED_INCLUDE_IN_FRAMEWORK_HEADER = YES;
				CLANG_WARN_RANGE_LOOP_ANALYSIS = YES;
				CLANG_WARN_STRICT_PROTOTYPES = YES;
				CLANG_WARN_SUSPICIOUS_MOVE = YES;
				CLANG_WARN_UNGUARDED_AVAILABILITY = YES_AGGRESSIVE;
				CLANG_WARN_UNREACHABLE_CODE = YES;
				CLANG_WARN__DUPLICATE_METHOD_MATCH = YES;
				COPY_PHASE_STRIP = NO;
				DEBUG_INFORMATION_FORMAT = "dwarf-with-dsym";
				ENABLE_NS_ASSERTIONS = NO;
				ENABLE_STRICT_OBJC_MSGSEND = YES;
				GCC_C_LANGUAGE_STANDARD = gnu11;
				GCC_NO_COMMON_BLOCKS = YES;
				GCC_WARN_64_TO_32_BIT_CONVERSION = YES;
				GCC_WARN_ABOUT_RETURN_TYPE = YES_ERROR;
				GCC_WARN_UNDECLARED_SELECTOR = YES;
				GCC_WARN_UNINITIALIZED_AUTOS = YES_AGGRESSIVE;
				GCC_WARN_UNUSED_FUNCTION = YES;
				GCC_WARN_UNUSED_VARIABLE = YES;
				MACOSX_DEPLOYMENT_TARGET = 13.1;
				MTL_ENABLE_DEBUG_INFO = NO;
				MTL_FAST_MATH = YES;
				SDKROOT = macosx;
				SWIFT_COMPILATION_MODE = wholemodule;
				SWIFT_OPTIMIZATION_LEVEL = "-O";
			};
			name = Release;
		};
		079254092995A706002F0C74 /* Debug */ = {
			isa = XCBuildConfiguration;
			buildSettings = {
				ASSETCATALOG_COMPILER_APPICON_NAME = AppIcon;
				ASSETCATALOG_COMPILER_GLOBAL_ACCENT_COLOR_NAME = AccentColor;
				CODE_SIGN_ENTITLEMENTS = ViewCodeAppKit/ViewCodeAppKit.entitlements;
				CODE_SIGN_STYLE = Automatic;
				COMBINE_HIDPI_IMAGES = YES;
				CURRENT_PROJECT_VERSION = 1;
				DEVELOPMENT_TEAM = 5U6JS22SU4;
				ENABLE_HARDENED_RUNTIME = YES;
				GENERATE_INFOPLIST_FILE = YES;
				INFOPLIST_KEY_LSUIElement = YES;
				INFOPLIST_KEY_NSHumanReadableCopyright = "";
				INFOPLIST_KEY_NSMainStoryboardFile = Main;
				INFOPLIST_KEY_NSPrincipalClass = NSApplication;
				LD_RUNPATH_SEARCH_PATHS = (
					"$(inherited)",
					"@executable_path/../Frameworks",
				);
				MARKETING_VERSION = 1.0;
				PRODUCT_BUNDLE_IDENTIFIER = com.example.ViewCodeAppKit;
				PRODUCT_NAME = "$(TARGET_NAME)";
				SWIFT_EMIT_LOC_STRINGS = YES;
				SWIFT_VERSION = 5.0;
			};
			name = Debug;
		};
		0792540A2995A706002F0C74 /* Release */ = {
			isa = XCBuildConfiguration;
			buildSettings = {
				ASSETCATALOG_COMPILER_APPICON_NAME = AppIcon;
				ASSETCATALOG_COMPILER_GLOBAL_ACCENT_COLOR_NAME = AccentColor;
				CODE_SIGN_ENTITLEMENTS = ViewCodeAppKit/ViewCodeAppKit.entitlements;
				CODE_SIGN_STYLE = Automatic;
				COMBINE_HIDPI_IMAGES = YES;
				CURRENT_PROJECT_VERSION = 1;
				DEVELOPMENT_TEAM = 5U6JS22SU4;
				ENABLE_HARDENED_RUNTIME = YES;
				GENERATE_INFOPLIST_FILE = YES;
				INFOPLIST_KEY_LSUIElement = YES;
				INFOPLIST_KEY_NSHumanReadableCopyright = "";
				INFOPLIST_KEY_NSMainStoryboardFile = Main;
				INFOPLIST_KEY_NSPrincipalClass = NSApplication;
				LD_RUNPATH_SEARCH_PATHS = (
					"$(inherited)",
					"@executable_path/../Frameworks",
				);
				MARKETING_VERSION = 1.0;
				PRODUCT_BUNDLE_IDENTIFIER = com.example.ViewCodeAppKit;
				PRODUCT_NAME = "$(TARGET_NAME)";
				SWIFT_EMIT_LOC_STRINGS = YES;
				SWIFT_VERSION = 5.0;
			};
			name = Release;
		};
/* End XCBuildConfiguration section */

/* Begin XCConfigurationList section */
		079253F42995A705002F0C74 /* Build configuration list for PBXProject "ViewCodeAppKit" */ = {
			isa = XCConfigurationList;
			buildConfigurations = (
				079254062995A706002F0C74 /* Debug */,
				079254072995A706002F0C74 /* Release */,
			);
			defaultConfigurationIsVisible = 0;
			defaultConfigurationName = Release;
		};
		079254082995A706002F0C74 /* Build configuration list for PBXNativeTarget "ViewCodeAppKit" */ = {
			isa = XCConfigurationList;
			buildConfigurations = (
				079254092995A706002F0C74 /* Debug */,
				0792540A2995A706002F0C74 /* Release */,
			);
			defaultConfigurationIsVisible = 0;
			defaultConfigurationName = Release;
		};
/* End XCConfigurationList section */
	};
	rootObject = 079253F12995A705002F0C74 /* Project object */;
}
